
Microsoft Visual Studio Solution File, Format Version 12.00
# Visual Studio 15
VisualStudioVersion = 15.0.27130.2020
MinimumVisualStudioVersion = 10.0.40219.1
Project("{9A19103F-16F7-4668-BE54-9A1E7A4F7556}") = "ProtoChain.TestApp", "ProtoChain.TestApp\ProtoChain.TestApp.csproj", "{F2C8DDA6-F4A8-4587-BF27-EAFD4703D272}"
EndProject
Global
	GlobalSection(SolutionConfigurationPlatforms) = preSolution
		Debug|Any CPU = Debug|Any CPU
		Release|Any CPU = Release|Any CPU
	EndGlobalSection
	GlobalSection(ProjectConfigurationPlatforms) = postSolution
		{F2C8DDA6-F4A8-4587-BF27-EAFD4703D272}.Debug|Any CPU.ActiveCfg = Debug|Any CPU
		{F2C8DDA6-F4A8-4587-BF27-EAFD4703D272}.Debug|Any CPU.Build.0 = Debug|Any CPU
		{F2C8DDA6-F4A8-4587-BF27-EAFD4703D272}.Release|Any CPU.ActiveCfg = Release|Any CPU
		{F2C8DDA6-F4A8-4587-BF27-EAFD4703D272}.Release|Any CPU.Build.0 = Release|Any CPU
	EndGlobalSection
	GlobalSection(SolutionProperties) = preSolution
		HideSolutionNode = FALSE
	EndGlobalSection
	GlobalSection(ExtensibilityGlobals) = postSolution
		SolutionGuid = {76FFB48D-ED09-49F0-9AFD-9A6BCCFF6DB3}
	EndGlobalSection
EndGlobal
